
Microsoft Visual Studio Solution File, Format Version 12.00
# Visual Studio 15
VisualStudioVersion = 15.0.27703.2042
MinimumVisualStudioVersion = 10.0.40219.1
Project("{FAE04EC0-301F-11D3-BF4B-00C04F79EFBC}") = "CrossStitch.App", "CrossStitch.App\CrossStitch.App.csproj", "{99077BBC-67D9-4A14-9A08-C38B8698F935}"
EndProject
Project("{FAE04EC0-301F-11D3-BF4B-00C04F79EFBC}") = "CrossStitch.Core", "CrossStitch.Core\CrossStitch.Core.csproj", "{4358CE3C-C40E-474F-846D-ADACADB2C73A}"
EndProject
Project("{FAE04EC0-301F-11D3-BF4B-00C04F79EFBC}") = "CrossStitch.Tests", "CrossStitch.Tests\CrossStitch.Tests.csproj", "{AC5FD84D-9795-41A5-962E-B214FA89F5FE}"
EndProject
Global
	GlobalSection(SolutionConfigurationPlatforms) = preSolution
		Debug|Any CPU = Debug|Any CPU
		Release|Any CPU = Release|Any CPU
	EndGlobalSection
	GlobalSection(ProjectConfigurationPlatforms) = postSolution
		{99077BBC-67D9-4A14-9A08-C38B8698F935}.Debug|Any CPU.ActiveCfg = Debug|Any CPU
		{99077BBC-67D9-4A14-9A08-C38B8698F935}.Debug|Any CPU.Build.0 = Debug|Any CPU
		{99077BBC-67D9-4A14-9A08-C38B8698F935}.Release|Any CPU.ActiveCfg = Release|Any CPU
		{99077BBC-67D9-4A14-9A08-C38B8698F935}.Release|Any CPU.Build.0 = Release|Any CPU
		{4358CE3C-C40E-474F-846D-ADACADB2C73A}.Debug|Any CPU.ActiveCfg = Debug|Any CPU
		{4358CE3C-C40E-474F-846D-ADACADB2C73A}.Debug|Any CPU.Build.0 = Debug|Any CPU
		{4358CE3C-C40E-474F-846D-ADACADB2C73A}.Release|Any CPU.ActiveCfg = Release|Any CPU
		{4358CE3C-C40E-474F-846D-ADACADB2C73A}.Release|Any CPU.Build.0 = Release|Any CPU
		{AC5FD84D-9795-41A5-962E-B214FA89F5FE}.Debug|Any CPU.ActiveCfg = Debug|Any CPU
		{AC5FD84D-9795-41A5-962E-B214FA89F5FE}.Debug|Any CPU.Build.0 = Debug|Any CPU
		{AC5FD84D-9795-41A5-962E-B214FA89F5FE}.Release|Any CPU.ActiveCfg = Release|Any CPU
		{AC5FD84D-9795-41A5-962E-B214FA89F5FE}.Release|Any CPU.Build.0 = Release|Any CPU
	EndGlobalSection
	GlobalSection(SolutionProperties) = preSolution
		HideSolutionNode = FALSE
	EndGlobalSection
	GlobalSection(ExtensibilityGlobals) = postSolution
		SolutionGuid = {6FFFF472-0611-4CB5-8901-0F10860FE182}
	EndGlobalSection
EndGlobal
